
Microsoft Visual Studio Solution File, Format Version 12.00
# Visual Studio Version 17
VisualStudioVersion = 17.2.32630.192
MinimumVisualStudioVersion = 10.0.40219.1
Project("{9A19103F-16F7-4668-BE54-9A1E7A4F7556}") = "R5T.L0051", "R5T.L0051\R5T.L0051.csproj", "{3259F75D-D819-4CCF-B1DF-C8E8908A284C}"
EndProject
Project("{2150E333-8FDC-42A3-9474-1A3956D46DE8}") = "_Dependencies", "_Dependencies", "{13259EA3-447E-468B-9E5B-E03F76252172}"
EndProject
Project("{9A19103F-16F7-4668-BE54-9A1E7A4F7556}") = "R5T.F0000", "..\..\R5T.F0000\source\R5T.F0000\R5T.F0000.csproj", "{33F88EE4-1994-4F3A-9C94-25BA9D3C3E13}"
EndProject
Project("{9A19103F-16F7-4668-BE54-9A1E7A4F7556}") = "R5T.F0002", "..\..\R5T.F0002\source\R5T.F0002\R5T.F0002.csproj", "{C8ED2D57-83A1-4610-9F84-B602EC60A992}"
EndProject
Project("{9A19103F-16F7-4668-BE54-9A1E7A4F7556}") = "R5T.F0120", "..\..\R5T.F0120\source\R5T.F0120\R5T.F0120.csproj", "{C5FFC404-B40E-46F4-8C20-CC4F879CD95A}"
EndProject
Project("{9A19103F-16F7-4668-BE54-9A1E7A4F7556}") = "R5T.F0124", "..\..\R5T.F0124\source\R5T.F0124\R5T.F0124.csproj", "{9106AB2B-CB2F-4B79-8A59-CA223E90AD0F}"
EndProject
Project("{9A19103F-16F7-4668-BE54-9A1E7A4F7556}") = "R5T.F0125", "..\..\R5T.F0125\source\R5T.F0125\R5T.F0125.csproj", "{0E47C1CE-C508-49F5-9551-11CFB7D4035B}"
EndProject
Project("{9A19103F-16F7-4668-BE54-9A1E7A4F7556}") = "R5T.L0030.T000", "..\..\R5T.L0030\source\R5T.L0030.T000\R5T.L0030.T000.csproj", "{7423ACEC-B488-4A43-8E92-1593A75A1AA9}"
EndProject
Project("{9A19103F-16F7-4668-BE54-9A1E7A4F7556}") = "R5T.L0030", "..\..\R5T.L0030\source\R5T.L0030\R5T.L0030.csproj", "{5E003814-3FED-4176-884A-7088FFD7A508}"
EndProject
Project("{9A19103F-16F7-4668-BE54-9A1E7A4F7556}") = "R5T.L0034", "..\..\R5T.L0034\source\R5T.L0034\R5T.L0034.csproj", "{F1CE252D-B13F-4D7F-BAA3-1F3675610ABF}"
EndProject
Project("{9A19103F-16F7-4668-BE54-9A1E7A4F7556}") = "R5T.L0035", "..\..\R5T.L0035\source\R5T.L0035\R5T.L0035.csproj", "{B076ADD0-67AC-4A66-B27D-54E9AE5DAD95}"
EndProject
Project("{9A19103F-16F7-4668-BE54-9A1E7A4F7556}") = "R5T.L0049", "..\..\R5T.L0049\source\R5T.L0049\R5T.L0049.csproj", "{2FF6E7D1-8FE4-4BD0-BD24-33DB5D212964}"
EndProject
Project("{9A19103F-16F7-4668-BE54-9A1E7A4F7556}") = "R5T.L0050.L001", "..\..\R5T.L0050\source\R5T.L0050.L001\R5T.L0050.L001.csproj", "{3DE22575-B359-42B1-AF71-CFE6945AC7B2}"
EndProject
Project("{9A19103F-16F7-4668-BE54-9A1E7A4F7556}") = "R5T.L0050", "..\..\R5T.L0050\source\R5T.L0050\R5T.L0050.csproj", "{1CEE3B0A-609E-4C20-9586-90AE11CFD91A}"
EndProject
Project("{9A19103F-16F7-4668-BE54-9A1E7A4F7556}") = "R5T.NG0022", "..\..\R5T.NG0022\source\R5T.NG0022\R5T.NG0022.csproj", "{72285C04-E84B-4D4A-B0C6-8741BDDAFF3B}"
EndProject
Project("{9A19103F-16F7-4668-BE54-9A1E7A4F7556}") = "R5T.T0131", "..\..\R5T.T0131\source\R5T.T0131\R5T.T0131.csproj", "{EEE59FF8-AF22-4BAD-A6DF-92F75361D9AF}"
EndProject
Project("{9A19103F-16F7-4668-BE54-9A1E7A4F7556}") = "R5T.T0132", "..\..\R5T.T0132\source\R5T.T0132\R5T.T0132.csproj", "{5F205188-EC69-423F-9E27-A39BD6DB4951}"
EndProject
Project("{9A19103F-16F7-4668-BE54-9A1E7A4F7556}") = "R5T.T0142", "..\..\R5T.T0142\source\R5T.T0142\R5T.T0142.csproj", "{7E014D4D-6D31-468C-9D5C-DACB53D58369}"
EndProject
Project("{9A19103F-16F7-4668-BE54-9A1E7A4F7556}") = "R5T.T0143", "..\..\R5T.T0143\source\R5T.T0143\R5T.T0143.csproj", "{EF8AA11E-DC3C-4FA9-9ACA-2254DFBFE32A}"
EndProject
Project("{9A19103F-16F7-4668-BE54-9A1E7A4F7556}") = "R5T.T0156", "..\..\R5T.T0156\source\R5T.T0156\R5T.T0156.csproj", "{8EBC8D66-3499-44B9-857A-EA1DD0D5503F}"
EndProject
Project("{9A19103F-16F7-4668-BE54-9A1E7A4F7556}") = "R5T.T0174", "..\..\R5T.T0174\source\R5T.T0174\R5T.T0174.csproj", "{7DEDC1D5-2CBC-4A22-A879-318AB28C1E9E}"
EndProject
Project("{9A19103F-16F7-4668-BE54-9A1E7A4F7556}") = "R5T.T0176", "..\..\R5T.T0176\source\R5T.T0176\R5T.T0176.csproj", "{ECE15373-46CF-4B93-A69A-557B919C5238}"
EndProject
Project("{9A19103F-16F7-4668-BE54-9A1E7A4F7556}") = "R5T.T0177", "..\..\R5T.T0177\source\R5T.T0177\R5T.T0177.csproj", "{F09B4729-4F7A-40FC-A899-0B319EB947F4}"
EndProject
Project("{9A19103F-16F7-4668-BE54-9A1E7A4F7556}") = "R5T.T0178", "..\..\R5T.T0178\source\R5T.T0178\R5T.T0178.csproj", "{13B24C9A-C90A-4D96-A165-CEE2AAC6A343}"
EndProject
Project("{9A19103F-16F7-4668-BE54-9A1E7A4F7556}") = "R5T.T0179", "..\..\R5T.T0179\source\R5T.T0179\R5T.T0179.csproj", "{DEB066BB-11B2-42D4-BBE2-651C0C408589}"
EndProject
Project("{9A19103F-16F7-4668-BE54-9A1E7A4F7556}") = "R5T.T0180", "..\..\R5T.T0180\source\R5T.T0180\R5T.T0180.csproj", "{1EDB431F-15A9-41D5-B246-CEDE3D8B424A}"
EndProject
Project("{9A19103F-16F7-4668-BE54-9A1E7A4F7556}") = "R5T.T0181", "..\..\R5T.T0181\source\R5T.T0181\R5T.T0181.csproj", "{B285518C-D059-477D-8502-DD8F40CCF813}"
EndProject
Project("{9A19103F-16F7-4668-BE54-9A1E7A4F7556}") = "R5T.T0185", "..\..\R5T.T0185\source\R5T.T0185\R5T.T0185.csproj", "{D470AF40-BCEA-4536-B418-782790DFB7E9}"
EndProject
Project("{9A19103F-16F7-4668-BE54-9A1E7A4F7556}") = "R5T.T0199", "..\..\R5T.T0199\source\R5T.T0199\R5T.T0199.csproj", "{1E29B80F-7905-40E5-95E7-FD08BA690102}"
EndProject
Project("{9A19103F-16F7-4668-BE54-9A1E7A4F7556}") = "R5T.T0203", "..\..\R5T.T0203\source\R5T.T0203\R5T.T0203.csproj", "{56D2AB1F-BED6-4489-9A67-2A4834C8E83C}"
EndProject
Project("{9A19103F-16F7-4668-BE54-9A1E7A4F7556}") = "R5T.T0220", "..\..\R5T.T0220\source\R5T.T0220\R5T.T0220.csproj", "{BAF3622A-E375-4B4E-AACE-9FE06D73A163}"
EndProject
Project("{9A19103F-16F7-4668-BE54-9A1E7A4F7556}") = "R5T.T0221", "..\..\R5T.T0221\source\R5T.T0221\R5T.T0221.csproj", "{A592127C-7373-4BD2-946C-B0ABA210F41E}"
EndProject
Project("{9A19103F-16F7-4668-BE54-9A1E7A4F7556}") = "R5T.Y0000", "..\..\R5T.Y0000\source\R5T.Y0000\R5T.Y0000.csproj", "{35344C94-0D2B-4450-B508-0046DF3197C6}"
EndProject
Project("{9A19103F-16F7-4668-BE54-9A1E7A4F7556}") = "R5T.Z0000", "..\..\R5T.Z0000\source\R5T.Z0000\R5T.Z0000.csproj", "{2F1C3568-140E-4D42-BDB6-FEF3BF5AD71E}"
EndProject
Project("{9A19103F-16F7-4668-BE54-9A1E7A4F7556}") = "R5T.L0051.L001", "R5T.L0051.L001\R5T.L0051.L001.csproj", "{88078AAC-10F7-4EA6-958C-E50C605C5873}"
EndProject
Project("{9A19103F-16F7-4668-BE54-9A1E7A4F7556}") = "R5T.T0222", "..\..\R5T.T0222\source\R5T.T0222\R5T.T0222.csproj", "{362EC5AE-A6F1-4112-BFB0-60933C2FAF3B}"
EndProject
Project("{9A19103F-16F7-4668-BE54-9A1E7A4F7556}") = "R5T.T0190", "..\..\R5T.T0190\source\R5T.T0190\R5T.T0190.csproj", "{D7361808-5CC2-495C-845D-FEE33213DA31}"
EndProject
Project("{9A19103F-16F7-4668-BE54-9A1E7A4F7556}") = "R5T.T0191", "..\..\R5T.T0191\source\R5T.T0191\R5T.T0191.csproj", "{EDFF0A03-3139-472E-AAE0-708EB7E9E35E}"
EndProject
Project("{9A19103F-16F7-4668-BE54-9A1E7A4F7556}") = "R5T.Z0059", "..\..\R5T.Z0059\source\R5T.Z0059\R5T.Z0059.csproj", "{A10D41CC-E1D3-4B76-ACC7-A00AE16F281E}"
EndProject
Global
	GlobalSection(NestedProjects) = preSolution
		{33F88EE4-1994-4F3A-9C94-25BA9D3C3E13} = {13259EA3-447E-468B-9E5B-E03F76252172}
		{C8ED2D57-83A1-4610-9F84-B602EC60A992} = {13259EA3-447E-468B-9E5B-E03F76252172}
		{C5FFC404-B40E-46F4-8C20-CC4F879CD95A} = {13259EA3-447E-468B-9E5B-E03F76252172}
		{9106AB2B-CB2F-4B79-8A59-CA223E90AD0F} = {13259EA3-447E-468B-9E5B-E03F76252172}
		{0E47C1CE-C508-49F5-9551-11CFB7D4035B} = {13259EA3-447E-468B-9E5B-E03F76252172}
		{7423ACEC-B488-4A43-8E92-1593A75A1AA9} = {13259EA3-447E-468B-9E5B-E03F76252172}
		{5E003814-3FED-4176-884A-7088FFD7A508} = {13259EA3-447E-468B-9E5B-E03F76252172}
		{F1CE252D-B13F-4D7F-BAA3-1F3675610ABF} = {13259EA3-447E-468B-9E5B-E03F76252172}
		{B076ADD0-67AC-4A66-B27D-54E9AE5DAD95} = {13259EA3-447E-468B-9E5B-E03F76252172}
		{2FF6E7D1-8FE4-4BD0-BD24-33DB5D212964} = {13259EA3-447E-468B-9E5B-E03F76252172}
		{3DE22575-B359-42B1-AF71-CFE6945AC7B2} = {13259EA3-447E-468B-9E5B-E03F76252172}
		{1CEE3B0A-609E-4C20-9586-90AE11CFD91A} = {13259EA3-447E-468B-9E5B-E03F76252172}
		{72285C04-E84B-4D4A-B0C6-8741BDDAFF3B} = {13259EA3-447E-468B-9E5B-E03F76252172}
		{EEE59FF8-AF22-4BAD-A6DF-92F75361D9AF} = {13259EA3-447E-468B-9E5B-E03F76252172}
		{5F205188-EC69-423F-9E27-A39BD6DB4951} = {13259EA3-447E-468B-9E5B-E03F76252172}
		{7E014D4D-6D31-468C-9D5C-DACB53D58369} = {13259EA3-447E-468B-9E5B-E03F76252172}
		{EF8AA11E-DC3C-4FA9-9ACA-2254DFBFE32A} = {13259EA3-447E-468B-9E5B-E03F76252172}
		{8EBC8D66-3499-44B9-857A-EA1DD0D5503F} = {13259EA3-447E-468B-9E5B-E03F76252172}
		{7DEDC1D5-2CBC-4A22-A879-318AB28C1E9E} = {13259EA3-447E-468B-9E5B-E03F76252172}
		{ECE15373-46CF-4B93-A69A-557B919C5238} = {13259EA3-447E-468B-9E5B-E03F76252172}
		{F09B4729-4F7A-40FC-A899-0B319EB947F4} = {13259EA3-447E-468B-9E5B-E03F76252172}
		{13B24C9A-C90A-4D96-A165-CEE2AAC6A343} = {13259EA3-447E-468B-9E5B-E03F76252172}
		{DEB066BB-11B2-42D4-BBE2-651C0C408589} = {13259EA3-447E-468B-9E5B-E03F76252172}
		{1EDB431F-15A9-41D5-B246-CEDE3D8B424A} = {13259EA3-447E-468B-9E5B-E03F76252172}
		{B285518C-D059-477D-8502-DD8F40CCF813} = {13259EA3-447E-468B-9E5B-E03F76252172}
		{D470AF40-BCEA-4536-B418-782790DFB7E9} = {13259EA3-447E-468B-9E5B-E03F76252172}
		{1E29B80F-7905-40E5-95E7-FD08BA690102} = {13259EA3-447E-468B-9E5B-E03F76252172}
		{56D2AB1F-BED6-4489-9A67-2A4834C8E83C} = {13259EA3-447E-468B-9E5B-E03F76252172}
		{BAF3622A-E375-4B4E-AACE-9FE06D73A163} = {13259EA3-447E-468B-9E5B-E03F76252172}
		{A592127C-7373-4BD2-946C-B0ABA210F41E} = {13259EA3-447E-468B-9E5B-E03F76252172}
		{35344C94-0D2B-4450-B508-0046DF3197C6} = {13259EA3-447E-468B-9E5B-E03F76252172}
		{2F1C3568-140E-4D42-BDB6-FEF3BF5AD71E} = {13259EA3-447E-468B-9E5B-E03F76252172}
		{88078AAC-10F7-4EA6-958C-E50C605C5873} = {13259EA3-447E-468B-9E5B-E03F76252172}
		{362EC5AE-A6F1-4112-BFB0-60933C2FAF3B} = {13259EA3-447E-468B-9E5B-E03F76252172}
		{D7361808-5CC2-495C-845D-FEE33213DA31} = {13259EA3-447E-468B-9E5B-E03F76252172}
		{EDFF0A03-3139-472E-AAE0-708EB7E9E35E} = {13259EA3-447E-468B-9E5B-E03F76252172}
		{A10D41CC-E1D3-4B76-ACC7-A00AE16F281E} = {13259EA3-447E-468B-9E5B-E03F76252172}
	EndGlobalSection
	GlobalSection(SolutionConfigurationPlatforms) = preSolution
		Debug|Any CPU = Debug|Any CPU
		Release|Any CPU = Release|Any CPU
	EndGlobalSection
	GlobalSection(ProjectConfigurationPlatforms) = postSolution
		{3259F75D-D819-4CCF-B1DF-C8E8908A284C}.Debug|Any CPU.ActiveCfg = Debug|Any CPU
		{3259F75D-D819-4CCF-B1DF-C8E8908A284C}.Debug|Any CPU.Build.0 = Debug|Any CPU
		{3259F75D-D819-4CCF-B1DF-C8E8908A284C}.Release|Any CPU.ActiveCfg = Release|Any CPU
		{3259F75D-D819-4CCF-B1DF-C8E8908A284C}.Release|Any CPU.Build.0 = Release|Any CPU
		{33F88EE4-1994-4F3A-9C94-25BA9D3C3E13}.Debug|Any CPU.ActiveCfg = Debug|Any CPU
		{33F88EE4-1994-4F3A-9C94-25BA9D3C3E13}.Debug|Any CPU.Build.0 = Debug|Any CPU
		{33F88EE4-1994-4F3A-9C94-25BA9D3C3E13}.Release|Any CPU.ActiveCfg = Release|Any CPU
		{33F88EE4-1994-4F3A-9C94-25BA9D3C3E13}.Release|Any CPU.Build.0 = Release|Any CPU
		{C8ED2D57-83A1-4610-9F84-B602EC60A992}.Debug|Any CPU.ActiveCfg = Debug|Any CPU
		{C8ED2D57-83A1-4610-9F84-B602EC60A992}.Debug|Any CPU.Build.0 = Debug|Any CPU
		{C8ED2D57-83A1-4610-9F84-B602EC60A992}.Release|Any CPU.ActiveCfg = Release|Any CPU
		{C8ED2D57-83A1-4610-9F84-B602EC60A992}.Release|Any CPU.Build.0 = Release|Any CPU
		{C5FFC404-B40E-46F4-8C20-CC4F879CD95A}.Debug|Any CPU.ActiveCfg = Debug|Any CPU
		{C5FFC404-B40E-46F4-8C20-CC4F879CD95A}.Debug|Any CPU.Build.0 = Debug|Any CPU
		{C5FFC404-B40E-46F4-8C20-CC4F879CD95A}.Release|Any CPU.ActiveCfg = Release|Any CPU
		{C5FFC404-B40E-46F4-8C20-CC4F879CD95A}.Release|Any CPU.Build.0 = Release|Any CPU
		{9106AB2B-CB2F-4B79-8A59-CA223E90AD0F}.Debug|Any CPU.ActiveCfg = Debug|Any CPU
		{9106AB2B-CB2F-4B79-8A59-CA223E90AD0F}.Debug|Any CPU.Build.0 = Debug|Any CPU
		{9106AB2B-CB2F-4B79-8A59-CA223E90AD0F}.Release|Any CPU.ActiveCfg = Release|Any CPU
		{9106AB2B-CB2F-4B79-8A59-CA223E90AD0F}.Release|Any CPU.Build.0 = Release|Any CPU
		{0E47C1CE-C508-49F5-9551-11CFB7D4035B}.Debug|Any CPU.ActiveCfg = Debug|Any CPU
		{0E47C1CE-C508-49F5-9551-11CFB7D4035B}.Debug|Any CPU.Build.0 = Debug|Any CPU
		{0E47C1CE-C508-49F5-9551-11CFB7D4035B}.Release|Any CPU.ActiveCfg = Release|Any CPU
		{0E47C1CE-C508-49F5-9551-11CFB7D4035B}.Release|Any CPU.Build.0 = Release|Any CPU
		{7423ACEC-B488-4A43-8E92-1593A75A1AA9}.Debug|Any CPU.ActiveCfg = Debug|Any CPU
		{7423ACEC-B488-4A43-8E92-1593A75A1AA9}.Debug|Any CPU.Build.0 = Debug|Any CPU
		{7423ACEC-B488-4A43-8E92-1593A75A1AA9}.Release|Any CPU.ActiveCfg = Release|Any CPU
		{7423ACEC-B488-4A43-8E92-1593A75A1AA9}.Release|Any CPU.Build.0 = Release|Any CPU
		{5E003814-3FED-4176-884A-7088FFD7A508}.Debug|Any CPU.ActiveCfg = Debug|Any CPU
		{5E003814-3FED-4176-884A-7088FFD7A508}.Debug|Any CPU.Build.0 = Debug|Any CPU
		{5E003814-3FED-4176-884A-7088FFD7A508}.Release|Any CPU.ActiveCfg = Release|Any CPU
		{5E003814-3FED-4176-884A-7088FFD7A508}.Release|Any CPU.Build.0 = Release|Any CPU
		{F1CE252D-B13F-4D7F-BAA3-1F3675610ABF}.Debug|Any CPU.ActiveCfg = Debug|Any CPU
		{F1CE252D-B13F-4D7F-BAA3-1F3675610ABF}.Debug|Any CPU.Build.0 = Debug|Any CPU
		{F1CE252D-B13F-4D7F-BAA3-1F3675610ABF}.Release|Any CPU.ActiveCfg = Release|Any CPU
		{F1CE252D-B13F-4D7F-BAA3-1F3675610ABF}.Release|Any CPU.Build.0 = Release|Any CPU
		{B076ADD0-67AC-4A66-B27D-54E9AE5DAD95}.Debug|Any CPU.ActiveCfg = Debug|Any CPU
		{B076ADD0-67AC-4A66-B27D-54E9AE5DAD95}.Debug|Any CPU.Build.0 = Debug|Any CPU
		{B076ADD0-67AC-4A66-B27D-54E9AE5DAD95}.Release|Any CPU.ActiveCfg = Release|Any CPU
		{B076ADD0-67AC-4A66-B27D-54E9AE5DAD95}.Release|Any CPU.Build.0 = Release|Any CPU
		{2FF6E7D1-8FE4-4BD0-BD24-33DB5D212964}.Debug|Any CPU.ActiveCfg = Debug|Any CPU
		{2FF6E7D1-8FE4-4BD0-BD24-33DB5D212964}.Debug|Any CPU.Build.0 = Debug|Any CPU
		{2FF6E7D1-8FE4-4BD0-BD24-33DB5D212964}.Release|Any CPU.ActiveCfg = Release|Any CPU
		{2FF6E7D1-8FE4-4BD0-BD24-33DB5D212964}.Release|Any CPU.Build.0 = Release|Any CPU
		{3DE22575-B359-42B1-AF71-CFE6945AC7B2}.Debug|Any CPU.ActiveCfg = Debug|Any CPU
		{3DE22575-B359-42B1-AF71-CFE6945AC7B2}.Debug|Any CPU.Build.0 = Debug|Any CPU
		{3DE22575-B359-42B1-AF71-CFE6945AC7B2}.Release|Any CPU.ActiveCfg = Release|Any CPU
		{3DE22575-B359-42B1-AF71-CFE6945AC7B2}.Release|Any CPU.Build.0 = Release|Any CPU
		{1CEE3B0A-609E-4C20-9586-90AE11CFD91A}.Debug|Any CPU.ActiveCfg = Debug|Any CPU
		{1CEE3B0A-609E-4C20-9586-90AE11CFD91A}.Debug|Any CPU.Build.0 = Debug|Any CPU
		{1CEE3B0A-609E-4C20-9586-90AE11CFD91A}.Release|Any CPU.ActiveCfg = Release|Any CPU
		{1CEE3B0A-609E-4C20-9586-90AE11CFD91A}.Release|Any CPU.Build.0 = Release|Any CPU
		{72285C04-E84B-4D4A-B0C6-8741BDDAFF3B}.Debug|Any CPU.ActiveCfg = Debug|Any CPU
		{72285C04-E84B-4D4A-B0C6-8741BDDAFF3B}.Debug|Any CPU.Build.0 = Debug|Any CPU
		{72285C04-E84B-4D4A-B0C6-8741BDDAFF3B}.Release|Any CPU.ActiveCfg = Release|Any CPU
		{72285C04-E84B-4D4A-B0C6-8741BDDAFF3B}.Release|Any CPU.Build.0 = Release|Any CPU
		{EEE59FF8-AF22-4BAD-A6DF-92F75361D9AF}.Debug|Any CPU.ActiveCfg = Debug|Any CPU
		{EEE59FF8-AF22-4BAD-A6DF-92F75361D9AF}.Debug|Any CPU.Build.0 = Debug|Any CPU
		{EEE59FF8-AF22-4BAD-A6DF-92F75361D9AF}.Release|Any CPU.ActiveCfg = Release|Any CPU
		{EEE59FF8-AF22-4BAD-A6DF-92F75361D9AF}.Release|Any CPU.Build.0 = Release|Any CPU
		{5F205188-EC69-423F-9E27-A39BD6DB4951}.Debug|Any CPU.ActiveCfg = Debug|Any CPU
		{5F205188-EC69-423F-9E27-A39BD6DB4951}.Debug|Any CPU.Build.0 = Debug|Any CPU
		{5F205188-EC69-423F-9E27-A39BD6DB4951}.Release|Any CPU.ActiveCfg = Release|Any CPU
		{5F205188-EC69-423F-9E27-A39BD6DB4951}.Release|Any CPU.Build.0 = Release|Any CPU
		{7E014D4D-6D31-468C-9D5C-DACB53D58369}.Debug|Any CPU.ActiveCfg = Debug|Any CPU
		{7E014D4D-6D31-468C-9D5C-DACB53D58369}.Debug|Any CPU.Build.0 = Debug|Any CPU
		{7E014D4D-6D31-468C-9D5C-DACB53D58369}.Release|Any CPU.ActiveCfg = Release|Any CPU
		{7E014D4D-6D31-468C-9D5C-DACB53D58369}.Release|Any CPU.Build.0 = Release|Any CPU
		{EF8AA11E-DC3C-4FA9-9ACA-2254DFBFE32A}.Debug|Any CPU.ActiveCfg = Debug|Any CPU
		{EF8AA11E-DC3C-4FA9-9ACA-2254DFBFE32A}.Debug|Any CPU.Build.0 = Debug|Any CPU
		{EF8AA11E-DC3C-4FA9-9ACA-2254DFBFE32A}.Release|Any CPU.ActiveCfg = Release|Any CPU
		{EF8AA11E-DC3C-4FA9-9ACA-2254DFBFE32A}.Release|Any CPU.Build.0 = Release|Any CPU
		{8EBC8D66-3499-44B9-857A-EA1DD0D5503F}.Debug|Any CPU.ActiveCfg = Debug|Any CPU
		{8EBC8D66-3499-44B9-857A-EA1DD0D5503F}.Debug|Any CPU.Build.0 = Debug|Any CPU
		{8EBC8D66-3499-44B9-857A-EA1DD0D5503F}.Release|Any CPU.ActiveCfg = Release|Any CPU
		{8EBC8D66-3499-44B9-857A-EA1DD0D5503F}.Release|Any CPU.Build.0 = Release|Any CPU
		{7DEDC1D5-2CBC-4A22-A879-318AB28C1E9E}.Debug|Any CPU.ActiveCfg = Debug|Any CPU
		{7DEDC1D5-2CBC-4A22-A879-318AB28C1E9E}.Debug|Any CPU.Build.0 = Debug|Any CPU
		{7DEDC1D5-2CBC-4A22-A879-318AB28C1E9E}.Release|Any CPU.ActiveCfg = Release|Any CPU
		{7DEDC1D5-2CBC-4A22-A879-318AB28C1E9E}.Release|Any CPU.Build.0 = Release|Any CPU
		{ECE15373-46CF-4B93-A69A-557B919C5238}.Debug|Any CPU.ActiveCfg = Debug|Any CPU
		{ECE15373-46CF-4B93-A69A-557B919C5238}.Debug|Any CPU.Build.0 = Debug|Any CPU
		{ECE15373-46CF-4B93-A69A-557B919C5238}.Release|Any CPU.ActiveCfg = Release|Any CPU
		{ECE15373-46CF-4B93-A69A-557B919C5238}.Release|Any CPU.Build.0 = Release|Any CPU
		{F09B4729-4F7A-40FC-A899-0B319EB947F4}.Debug|Any CPU.ActiveCfg = Debug|Any CPU
		{F09B4729-4F7A-40FC-A899-0B319EB947F4}.Debug|Any CPU.Build.0 = Debug|Any CPU
		{F09B4729-4F7A-40FC-A899-0B319EB947F4}.Release|Any CPU.ActiveCfg = Release|Any CPU
		{F09B4729-4F7A-40FC-A899-0B319EB947F4}.Release|Any CPU.Build.0 = Release|Any CPU
		{13B24C9A-C90A-4D96-A165-CEE2AAC6A343}.Debug|Any CPU.ActiveCfg = Debug|Any CPU
		{13B24C9A-C90A-4D96-A165-CEE2AAC6A343}.Debug|Any CPU.Build.0 = Debug|Any CPU
		{13B24C9A-C90A-4D96-A165-CEE2AAC6A343}.Release|Any CPU.ActiveCfg = Release|Any CPU
		{13B24C9A-C90A-4D96-A165-CEE2AAC6A343}.Release|Any CPU.Build.0 = Release|Any CPU
		{DEB066BB-11B2-42D4-BBE2-651C0C408589}.Debug|Any CPU.ActiveCfg = Debug|Any CPU
		{DEB066BB-11B2-42D4-BBE2-651C0C408589}.Debug|Any CPU.Build.0 = Debug|Any CPU
		{DEB066BB-11B2-42D4-BBE2-651C0C408589}.Release|Any CPU.ActiveCfg = Release|Any CPU
		{DEB066BB-11B2-42D4-BBE2-651C0C408589}.Release|Any CPU.Build.0 = Release|Any CPU
		{1EDB431F-15A9-41D5-B246-CEDE3D8B424A}.Debug|Any CPU.ActiveCfg = Debug|Any CPU
		{1EDB431F-15A9-41D5-B246-CEDE3D8B424A}.Debug|Any CPU.Build.0 = Debug|Any CPU
		{1EDB431F-15A9-41D5-B246-CEDE3D8B424A}.Release|Any CPU.ActiveCfg = Release|Any CPU
		{1EDB431F-15A9-41D5-B246-CEDE3D8B424A}.Release|Any CPU.Build.0 = Release|Any CPU
		{B285518C-D059-477D-8502-DD8F40CCF813}.Debug|Any CPU.ActiveCfg = Debug|Any CPU
		{B285518C-D059-477D-8502-DD8F40CCF813}.Debug|Any CPU.Build.0 = Debug|Any CPU
		{B285518C-D059-477D-8502-DD8F40CCF813}.Release|Any CPU.ActiveCfg = Release|Any CPU
		{B285518C-D059-477D-8502-DD8F40CCF813}.Release|Any CPU.Build.0 = Release|Any CPU
		{D470AF40-BCEA-4536-B418-782790DFB7E9}.Debug|Any CPU.ActiveCfg = Debug|Any CPU
		{D470AF40-BCEA-4536-B418-782790DFB7E9}.Debug|Any CPU.Build.0 = Debug|Any CPU
		{D470AF40-BCEA-4536-B418-782790DFB7E9}.Release|Any CPU.ActiveCfg = Release|Any CPU
		{D470AF40-BCEA-4536-B418-782790DFB7E9}.Release|Any CPU.Build.0 = Release|Any CPU
		{1E29B80F-7905-40E5-95E7-FD08BA690102}.Debug|Any CPU.ActiveCfg = Debug|Any CPU
		{1E29B80F-7905-40E5-95E7-FD08BA690102}.Debug|Any CPU.Build.0 = Debug|Any CPU
		{1E29B80F-7905-40E5-95E7-FD08BA690102}.Release|Any CPU.ActiveCfg = Release|Any CPU
		{1E29B80F-7905-40E5-95E7-FD08BA690102}.Release|Any CPU.Build.0 = Release|Any CPU
		{56D2AB1F-BED6-4489-9A67-2A4834C8E83C}.Debug|Any CPU.ActiveCfg = Debug|Any CPU
		{56D2AB1F-BED6-4489-9A67-2A4834C8E83C}.Debug|Any CPU.Build.0 = Debug|Any CPU
		{56D2AB1F-BED6-4489-9A67-2A4834C8E83C}.Release|Any CPU.ActiveCfg = Release|Any CPU
		{56D2AB1F-BED6-4489-9A67-2A4834C8E83C}.Release|Any CPU.Build.0 = Release|Any CPU
		{BAF3622A-E375-4B4E-AACE-9FE06D73A163}.Debug|Any CPU.ActiveCfg = Debug|Any CPU
		{BAF3622A-E375-4B4E-AACE-9FE06D73A163}.Debug|Any CPU.Build.0 = Debug|Any CPU
		{BAF3622A-E375-4B4E-AACE-9FE06D73A163}.Release|Any CPU.ActiveCfg = Release|Any CPU
		{BAF3622A-E375-4B4E-AACE-9FE06D73A163}.Release|Any CPU.Build.0 = Release|Any CPU
		{A592127C-7373-4BD2-946C-B0ABA210F41E}.Debug|Any CPU.ActiveCfg = Debug|Any CPU
		{A592127C-7373-4BD2-946C-B0ABA210F41E}.Debug|Any CPU.Build.0 = Debug|Any CPU
		{A592127C-7373-4BD2-946C-B0ABA210F41E}.Release|Any CPU.ActiveCfg = Release|Any CPU
		{A592127C-7373-4BD2-946C-B0ABA210F41E}.Release|Any CPU.Build.0 = Release|Any CPU
		{35344C94-0D2B-4450-B508-0046DF3197C6}.Debug|Any CPU.ActiveCfg = Debug|Any CPU
		{35344C94-0D2B-4450-B508-0046DF3197C6}.Debug|Any CPU.Build.0 = Debug|Any CPU
		{35344C94-0D2B-4450-B508-0046DF3197C6}.Release|Any CPU.ActiveCfg = Release|Any CPU
		{35344C94-0D2B-4450-B508-0046DF3197C6}.Release|Any CPU.Build.0 = Release|Any CPU
		{2F1C3568-140E-4D42-BDB6-FEF3BF5AD71E}.Debug|Any CPU.ActiveCfg = Debug|Any CPU
		{2F1C3568-140E-4D42-BDB6-FEF3BF5AD71E}.Debug|Any CPU.Build.0 = Debug|Any CPU
		{2F1C3568-140E-4D42-BDB6-FEF3BF5AD71E}.Release|Any CPU.ActiveCfg = Release|Any CPU
		{2F1C3568-140E-4D42-BDB6-FEF3BF5AD71E}.Release|Any CPU.Build.0 = Release|Any CPU
		{88078AAC-10F7-4EA6-958C-E50C605C5873}.Debug|Any CPU.ActiveCfg = Debug|Any CPU
		{88078AAC-10F7-4EA6-958C-E50C605C5873}.Debug|Any CPU.Build.0 = Debug|Any CPU
		{88078AAC-10F7-4EA6-958C-E50C605C5873}.Release|Any CPU.ActiveCfg = Release|Any CPU
		{88078AAC-10F7-4EA6-958C-E50C605C5873}.Release|Any CPU.Build.0 = Release|Any CPU
		{362EC5AE-A6F1-4112-BFB0-60933C2FAF3B}.Debug|Any CPU.ActiveCfg = Debug|Any CPU
		{362EC5AE-A6F1-4112-BFB0-60933C2FAF3B}.Debug|Any CPU.Build.0 = Debug|Any CPU
		{362EC5AE-A6F1-4112-BFB0-60933C2FAF3B}.Release|Any CPU.ActiveCfg = Release|Any CPU
		{362EC5AE-A6F1-4112-BFB0-60933C2FAF3B}.Release|Any CPU.Build.0 = Release|Any CPU
		{D7361808-5CC2-495C-845D-FEE33213DA31}.Debug|Any CPU.ActiveCfg = Debug|Any CPU
		{D7361808-5CC2-495C-845D-FEE33213DA31}.Debug|Any CPU.Build.0 = Debug|Any CPU
		{D7361808-5CC2-495C-845D-FEE33213DA31}.Release|Any CPU.ActiveCfg = Release|Any CPU
		{D7361808-5CC2-495C-845D-FEE33213DA31}.Release|Any CPU.Build.0 = Release|Any CPU
		{EDFF0A03-3139-472E-AAE0-708EB7E9E35E}.Debug|Any CPU.ActiveCfg = Debug|Any CPU
		{EDFF0A03-3139-472E-AAE0-708EB7E9E35E}.Debug|Any CPU.Build.0 = Debug|Any CPU
		{EDFF0A03-3139-472E-AAE0-708EB7E9E35E}.Release|Any CPU.ActiveCfg = Release|Any CPU
		{EDFF0A03-3139-472E-AAE0-708EB7E9E35E}.Release|Any CPU.Build.0 = Release|Any CPU
		{A10D41CC-E1D3-4B76-ACC7-A00AE16F281E}.Debug|Any CPU.ActiveCfg = Debug|Any CPU
		{A10D41CC-E1D3-4B76-ACC7-A00AE16F281E}.Debug|Any CPU.Build.0 = Debug|Any CPU
		{A10D41CC-E1D3-4B76-ACC7-A00AE16F281E}.Release|Any CPU.ActiveCfg = Release|Any CPU
		{A10D41CC-E1D3-4B76-ACC7-A00AE16F281E}.Release|Any CPU.Build.0 = Release|Any CPU
	EndGlobalSection
	GlobalSection(SolutionProperties) = preSolution
		HideSolutionNode = FALSE
	EndGlobalSection
	GlobalSection(ExtensibilityGlobals) = postSolution
		SolutionGuid = {2E8FAE82-2AF0-4C7B-B300-4F7D59644EF5}
	EndGlobalSection
EndGlobal
