
Microsoft Visual Studio Solution File, Format Version 12.00
# Visual Studio Version 17
VisualStudioVersion = 17.2.32630.192
MinimumVisualStudioVersion = 10.0.40219.1
Project("{9A19103F-16F7-4668-BE54-9A1E7A4F7556}") = "R5T.L0051.Construction", "R5T.L0051.Construction\R5T.L0051.Construction.csproj", "{21678080-B2F4-4293-8714-2BD0F386ACA0}"
EndProject
Project("{9A19103F-16F7-4668-BE54-9A1E7A4F7556}") = "R5T.L0051", "R5T.L0051\R5T.L0051.csproj", "{E8242B1D-E219-418C-9D0D-EC09F5CA1AAC}"
EndProject
Project("{9A19103F-16F7-4668-BE54-9A1E7A4F7556}") = "R5T.L0051.L001", "R5T.L0051.L001\R5T.L0051.L001.csproj", "{F2DE48D7-07A1-4873-BC6A-C43FCFB6D37D}"
EndProject
Project("{2150E333-8FDC-42A3-9474-1A3956D46DE8}") = "_Dependencies", "_Dependencies", "{E0313E01-ACEE-434F-9874-1287C702A875}"
EndProject
Project("{9A19103F-16F7-4668-BE54-9A1E7A4F7556}") = "R5T.F0000", "..\..\R5T.F0000\source\R5T.F0000\R5T.F0000.csproj", "{3CB6F5F9-77AE-45F1-804A-19C633A9CFAE}"
EndProject
Project("{9A19103F-16F7-4668-BE54-9A1E7A4F7556}") = "R5T.F0002", "..\..\R5T.F0002\source\R5T.F0002\R5T.F0002.csproj", "{4E062ABB-0425-4322-BB4C-CF3D52DBD6ED}"
EndProject
Project("{9A19103F-16F7-4668-BE54-9A1E7A4F7556}") = "R5T.F0120", "..\..\R5T.F0120\source\R5T.F0120\R5T.F0120.csproj", "{B72B1699-B621-4BFD-BC78-FF1A5990A600}"
EndProject
Project("{9A19103F-16F7-4668-BE54-9A1E7A4F7556}") = "R5T.F0124", "..\..\R5T.F0124\source\R5T.F0124\R5T.F0124.csproj", "{D5FFEC38-D809-4161-8E5A-EE9BF389EBA4}"
EndProject
Project("{9A19103F-16F7-4668-BE54-9A1E7A4F7556}") = "R5T.F0125", "..\..\R5T.F0125\source\R5T.F0125\R5T.F0125.csproj", "{8B599486-621D-4927-8742-65DCAAA192AB}"
EndProject
Project("{9A19103F-16F7-4668-BE54-9A1E7A4F7556}") = "R5T.L0030.T000", "..\..\R5T.L0030\source\R5T.L0030.T000\R5T.L0030.T000.csproj", "{8AE6F27F-0830-470E-9D08-58825CA0EB6F}"
EndProject
Project("{9A19103F-16F7-4668-BE54-9A1E7A4F7556}") = "R5T.L0030", "..\..\R5T.L0030\source\R5T.L0030\R5T.L0030.csproj", "{3F9F99FB-FAA9-4733-8A2A-569944C5C358}"
EndProject
Project("{9A19103F-16F7-4668-BE54-9A1E7A4F7556}") = "R5T.L0034", "..\..\R5T.L0034\source\R5T.L0034\R5T.L0034.csproj", "{6D935A76-B7C6-4D35-B21B-ABC2E08243D3}"
EndProject
Project("{9A19103F-16F7-4668-BE54-9A1E7A4F7556}") = "R5T.L0035", "..\..\R5T.L0035\source\R5T.L0035\R5T.L0035.csproj", "{8571D672-B024-4F62-8386-17C9AA0A1CE7}"
EndProject
Project("{9A19103F-16F7-4668-BE54-9A1E7A4F7556}") = "R5T.NG0022", "..\..\R5T.NG0022\source\R5T.NG0022\R5T.NG0022.csproj", "{D6148128-896C-48CD-B278-3D12EC6E3C48}"
EndProject
Project("{9A19103F-16F7-4668-BE54-9A1E7A4F7556}") = "R5T.T0131", "..\..\R5T.T0131\source\R5T.T0131\R5T.T0131.csproj", "{628B5F41-71ED-4673-B9C2-2776FB9FA4DB}"
EndProject
Project("{9A19103F-16F7-4668-BE54-9A1E7A4F7556}") = "R5T.T0132", "..\..\R5T.T0132\source\R5T.T0132\R5T.T0132.csproj", "{C06E064D-41D1-4880-9915-5993BCA476ED}"
EndProject
Project("{9A19103F-16F7-4668-BE54-9A1E7A4F7556}") = "R5T.T0142", "..\..\R5T.T0142\source\R5T.T0142\R5T.T0142.csproj", "{73A1C0BA-BE29-4C4E-BBDD-1610CF2F4D4D}"
EndProject
Project("{9A19103F-16F7-4668-BE54-9A1E7A4F7556}") = "R5T.T0143", "..\..\R5T.T0143\source\R5T.T0143\R5T.T0143.csproj", "{89FB7586-9334-48D6-8C1C-FE18ED37170C}"
EndProject
Project("{9A19103F-16F7-4668-BE54-9A1E7A4F7556}") = "R5T.T0156", "..\..\R5T.T0156\source\R5T.T0156\R5T.T0156.csproj", "{A290D6B8-679E-45D6-B4A8-67C6853BDF0E}"
EndProject
Project("{9A19103F-16F7-4668-BE54-9A1E7A4F7556}") = "R5T.T0174", "..\..\R5T.T0174\source\R5T.T0174\R5T.T0174.csproj", "{A837BA45-000F-422E-8E87-8F70A9730A62}"
EndProject
Project("{9A19103F-16F7-4668-BE54-9A1E7A4F7556}") = "R5T.T0176", "..\..\R5T.T0176\source\R5T.T0176\R5T.T0176.csproj", "{CEDE66BD-DEC6-4700-BF09-EE67984E62D9}"
EndProject
Project("{9A19103F-16F7-4668-BE54-9A1E7A4F7556}") = "R5T.T0177", "..\..\R5T.T0177\source\R5T.T0177\R5T.T0177.csproj", "{C41FF2E2-8737-404C-B395-0A5BF47C7BD5}"
EndProject
Project("{9A19103F-16F7-4668-BE54-9A1E7A4F7556}") = "R5T.T0178", "..\..\R5T.T0178\source\R5T.T0178\R5T.T0178.csproj", "{71C99DB8-AF50-4179-9951-014312D4CEAB}"
EndProject
Project("{9A19103F-16F7-4668-BE54-9A1E7A4F7556}") = "R5T.T0179", "..\..\R5T.T0179\source\R5T.T0179\R5T.T0179.csproj", "{D51A4355-FF49-48FA-AFC7-0109A3C41A3E}"
EndProject
Project("{9A19103F-16F7-4668-BE54-9A1E7A4F7556}") = "R5T.T0180", "..\..\R5T.T0180\source\R5T.T0180\R5T.T0180.csproj", "{7C1EE615-9751-43D3-A1A9-72472A53A91C}"
EndProject
Project("{9A19103F-16F7-4668-BE54-9A1E7A4F7556}") = "R5T.T0181", "..\..\R5T.T0181\source\R5T.T0181\R5T.T0181.csproj", "{50BEB63D-0CFF-4728-B2CE-743C7B13D1D2}"
EndProject
Project("{9A19103F-16F7-4668-BE54-9A1E7A4F7556}") = "R5T.T0185", "..\..\R5T.T0185\source\R5T.T0185\R5T.T0185.csproj", "{6141BF87-B320-4522-93A4-5B79CADD9C92}"
EndProject
Project("{9A19103F-16F7-4668-BE54-9A1E7A4F7556}") = "R5T.T0199", "..\..\R5T.T0199\source\R5T.T0199\R5T.T0199.csproj", "{FE15E7DD-1EC4-408F-82F5-3E379320DFE4}"
EndProject
Project("{9A19103F-16F7-4668-BE54-9A1E7A4F7556}") = "R5T.T0203", "..\..\R5T.T0203\source\R5T.T0203\R5T.T0203.csproj", "{51E1A636-0B9C-44B1-AAD9-418E376A3661}"
EndProject
Project("{9A19103F-16F7-4668-BE54-9A1E7A4F7556}") = "R5T.T0220", "..\..\R5T.T0220\source\R5T.T0220\R5T.T0220.csproj", "{3E325128-ECFB-466A-97C6-C7D05BC134FE}"
EndProject
Project("{9A19103F-16F7-4668-BE54-9A1E7A4F7556}") = "R5T.T0221", "..\..\R5T.T0221\source\R5T.T0221\R5T.T0221.csproj", "{14B6F50B-4D2F-4A9C-B886-A92CB75ABD7F}"
EndProject
Project("{9A19103F-16F7-4668-BE54-9A1E7A4F7556}") = "R5T.Y0000", "..\..\R5T.Y0000\source\R5T.Y0000\R5T.Y0000.csproj", "{8326C984-0155-4048-8880-C1D7C12DDF68}"
EndProject
Project("{9A19103F-16F7-4668-BE54-9A1E7A4F7556}") = "R5T.Z0000", "..\..\R5T.Z0000\source\R5T.Z0000\R5T.Z0000.csproj", "{3364007C-38C3-464F-857F-5F7114264064}"
EndProject
Project("{9A19103F-16F7-4668-BE54-9A1E7A4F7556}") = "R5T.L0049", "..\..\R5T.L0049\source\R5T.L0049\R5T.L0049.csproj", "{E3C6C897-3D5C-4647-8624-003227356CF8}"
EndProject
Project("{9A19103F-16F7-4668-BE54-9A1E7A4F7556}") = "R5T.L0050.L001", "..\..\R5T.L0050\source\R5T.L0050.L001\R5T.L0050.L001.csproj", "{EB4210AE-82DD-43E8-B925-DEBA23E29F7F}"
EndProject
Project("{9A19103F-16F7-4668-BE54-9A1E7A4F7556}") = "R5T.L0050", "..\..\R5T.L0050\source\R5T.L0050\R5T.L0050.csproj", "{9E296847-E1CD-4C76-BF16-72DE6E617572}"
EndProject
Project("{9A19103F-16F7-4668-BE54-9A1E7A4F7556}") = "R5T.T0222", "..\..\R5T.T0222\source\R5T.T0222\R5T.T0222.csproj", "{5AAF4658-192C-423E-B61E-FBDB4F12CD5B}"
EndProject
Project("{9A19103F-16F7-4668-BE54-9A1E7A4F7556}") = "R5T.T0190", "..\..\R5T.T0190\source\R5T.T0190\R5T.T0190.csproj", "{70491187-D908-4A70-A353-6865A9CE1E68}"
EndProject
Project("{9A19103F-16F7-4668-BE54-9A1E7A4F7556}") = "R5T.T0191", "..\..\R5T.T0191\source\R5T.T0191\R5T.T0191.csproj", "{0999A28D-014C-4E3E-972A-BE10A99F10B9}"
EndProject
Project("{9A19103F-16F7-4668-BE54-9A1E7A4F7556}") = "R5T.Z0059", "..\..\R5T.Z0059\source\R5T.Z0059\R5T.Z0059.csproj", "{DD077F26-4B2C-486C-9ECE-60EBF47AAAD0}"
EndProject
Project("{9A19103F-16F7-4668-BE54-9A1E7A4F7556}") = "R5T.T0141", "..\..\R5T.T0141\source\R5T.T0141\R5T.T0141.csproj", "{164B75B7-C6FE-41CE-BF23-A3AB1E525B2F}"
EndProject
Global
	GlobalSection(NestedProjects) = preSolution
		{3CB6F5F9-77AE-45F1-804A-19C633A9CFAE} = {E0313E01-ACEE-434F-9874-1287C702A875}
		{4E062ABB-0425-4322-BB4C-CF3D52DBD6ED} = {E0313E01-ACEE-434F-9874-1287C702A875}
		{B72B1699-B621-4BFD-BC78-FF1A5990A600} = {E0313E01-ACEE-434F-9874-1287C702A875}
		{D5FFEC38-D809-4161-8E5A-EE9BF389EBA4} = {E0313E01-ACEE-434F-9874-1287C702A875}
		{8B599486-621D-4927-8742-65DCAAA192AB} = {E0313E01-ACEE-434F-9874-1287C702A875}
		{8AE6F27F-0830-470E-9D08-58825CA0EB6F} = {E0313E01-ACEE-434F-9874-1287C702A875}
		{3F9F99FB-FAA9-4733-8A2A-569944C5C358} = {E0313E01-ACEE-434F-9874-1287C702A875}
		{6D935A76-B7C6-4D35-B21B-ABC2E08243D3} = {E0313E01-ACEE-434F-9874-1287C702A875}
		{8571D672-B024-4F62-8386-17C9AA0A1CE7} = {E0313E01-ACEE-434F-9874-1287C702A875}
		{D6148128-896C-48CD-B278-3D12EC6E3C48} = {E0313E01-ACEE-434F-9874-1287C702A875}
		{628B5F41-71ED-4673-B9C2-2776FB9FA4DB} = {E0313E01-ACEE-434F-9874-1287C702A875}
		{C06E064D-41D1-4880-9915-5993BCA476ED} = {E0313E01-ACEE-434F-9874-1287C702A875}
		{73A1C0BA-BE29-4C4E-BBDD-1610CF2F4D4D} = {E0313E01-ACEE-434F-9874-1287C702A875}
		{89FB7586-9334-48D6-8C1C-FE18ED37170C} = {E0313E01-ACEE-434F-9874-1287C702A875}
		{A290D6B8-679E-45D6-B4A8-67C6853BDF0E} = {E0313E01-ACEE-434F-9874-1287C702A875}
		{A837BA45-000F-422E-8E87-8F70A9730A62} = {E0313E01-ACEE-434F-9874-1287C702A875}
		{CEDE66BD-DEC6-4700-BF09-EE67984E62D9} = {E0313E01-ACEE-434F-9874-1287C702A875}
		{C41FF2E2-8737-404C-B395-0A5BF47C7BD5} = {E0313E01-ACEE-434F-9874-1287C702A875}
		{71C99DB8-AF50-4179-9951-014312D4CEAB} = {E0313E01-ACEE-434F-9874-1287C702A875}
		{D51A4355-FF49-48FA-AFC7-0109A3C41A3E} = {E0313E01-ACEE-434F-9874-1287C702A875}
		{7C1EE615-9751-43D3-A1A9-72472A53A91C} = {E0313E01-ACEE-434F-9874-1287C702A875}
		{50BEB63D-0CFF-4728-B2CE-743C7B13D1D2} = {E0313E01-ACEE-434F-9874-1287C702A875}
		{6141BF87-B320-4522-93A4-5B79CADD9C92} = {E0313E01-ACEE-434F-9874-1287C702A875}
		{FE15E7DD-1EC4-408F-82F5-3E379320DFE4} = {E0313E01-ACEE-434F-9874-1287C702A875}
		{51E1A636-0B9C-44B1-AAD9-418E376A3661} = {E0313E01-ACEE-434F-9874-1287C702A875}
		{3E325128-ECFB-466A-97C6-C7D05BC134FE} = {E0313E01-ACEE-434F-9874-1287C702A875}
		{14B6F50B-4D2F-4A9C-B886-A92CB75ABD7F} = {E0313E01-ACEE-434F-9874-1287C702A875}
		{8326C984-0155-4048-8880-C1D7C12DDF68} = {E0313E01-ACEE-434F-9874-1287C702A875}
		{3364007C-38C3-464F-857F-5F7114264064} = {E0313E01-ACEE-434F-9874-1287C702A875}
		{E3C6C897-3D5C-4647-8624-003227356CF8} = {E0313E01-ACEE-434F-9874-1287C702A875}
		{EB4210AE-82DD-43E8-B925-DEBA23E29F7F} = {E0313E01-ACEE-434F-9874-1287C702A875}
		{9E296847-E1CD-4C76-BF16-72DE6E617572} = {E0313E01-ACEE-434F-9874-1287C702A875}
		{5AAF4658-192C-423E-B61E-FBDB4F12CD5B} = {E0313E01-ACEE-434F-9874-1287C702A875}
		{70491187-D908-4A70-A353-6865A9CE1E68} = {E0313E01-ACEE-434F-9874-1287C702A875}
		{0999A28D-014C-4E3E-972A-BE10A99F10B9} = {E0313E01-ACEE-434F-9874-1287C702A875}
		{DD077F26-4B2C-486C-9ECE-60EBF47AAAD0} = {E0313E01-ACEE-434F-9874-1287C702A875}
		{164B75B7-C6FE-41CE-BF23-A3AB1E525B2F} = {E0313E01-ACEE-434F-9874-1287C702A875}
	EndGlobalSection
	GlobalSection(SolutionConfigurationPlatforms) = preSolution
		Debug|Any CPU = Debug|Any CPU
		Release|Any CPU = Release|Any CPU
	EndGlobalSection
	GlobalSection(ProjectConfigurationPlatforms) = postSolution
		{21678080-B2F4-4293-8714-2BD0F386ACA0}.Debug|Any CPU.ActiveCfg = Debug|Any CPU
		{21678080-B2F4-4293-8714-2BD0F386ACA0}.Debug|Any CPU.Build.0 = Debug|Any CPU
		{21678080-B2F4-4293-8714-2BD0F386ACA0}.Release|Any CPU.ActiveCfg = Release|Any CPU
		{21678080-B2F4-4293-8714-2BD0F386ACA0}.Release|Any CPU.Build.0 = Release|Any CPU
		{E8242B1D-E219-418C-9D0D-EC09F5CA1AAC}.Debug|Any CPU.ActiveCfg = Debug|Any CPU
		{E8242B1D-E219-418C-9D0D-EC09F5CA1AAC}.Debug|Any CPU.Build.0 = Debug|Any CPU
		{E8242B1D-E219-418C-9D0D-EC09F5CA1AAC}.Release|Any CPU.ActiveCfg = Release|Any CPU
		{E8242B1D-E219-418C-9D0D-EC09F5CA1AAC}.Release|Any CPU.Build.0 = Release|Any CPU
		{F2DE48D7-07A1-4873-BC6A-C43FCFB6D37D}.Debug|Any CPU.ActiveCfg = Debug|Any CPU
		{F2DE48D7-07A1-4873-BC6A-C43FCFB6D37D}.Debug|Any CPU.Build.0 = Debug|Any CPU
		{F2DE48D7-07A1-4873-BC6A-C43FCFB6D37D}.Release|Any CPU.ActiveCfg = Release|Any CPU
		{F2DE48D7-07A1-4873-BC6A-C43FCFB6D37D}.Release|Any CPU.Build.0 = Release|Any CPU
		{3CB6F5F9-77AE-45F1-804A-19C633A9CFAE}.Debug|Any CPU.ActiveCfg = Debug|Any CPU
		{3CB6F5F9-77AE-45F1-804A-19C633A9CFAE}.Debug|Any CPU.Build.0 = Debug|Any CPU
		{3CB6F5F9-77AE-45F1-804A-19C633A9CFAE}.Release|Any CPU.ActiveCfg = Release|Any CPU
		{3CB6F5F9-77AE-45F1-804A-19C633A9CFAE}.Release|Any CPU.Build.0 = Release|Any CPU
		{4E062ABB-0425-4322-BB4C-CF3D52DBD6ED}.Debug|Any CPU.ActiveCfg = Debug|Any CPU
		{4E062ABB-0425-4322-BB4C-CF3D52DBD6ED}.Debug|Any CPU.Build.0 = Debug|Any CPU
		{4E062ABB-0425-4322-BB4C-CF3D52DBD6ED}.Release|Any CPU.ActiveCfg = Release|Any CPU
		{4E062ABB-0425-4322-BB4C-CF3D52DBD6ED}.Release|Any CPU.Build.0 = Release|Any CPU
		{B72B1699-B621-4BFD-BC78-FF1A5990A600}.Debug|Any CPU.ActiveCfg = Debug|Any CPU
		{B72B1699-B621-4BFD-BC78-FF1A5990A600}.Debug|Any CPU.Build.0 = Debug|Any CPU
		{B72B1699-B621-4BFD-BC78-FF1A5990A600}.Release|Any CPU.ActiveCfg = Release|Any CPU
		{B72B1699-B621-4BFD-BC78-FF1A5990A600}.Release|Any CPU.Build.0 = Release|Any CPU
		{D5FFEC38-D809-4161-8E5A-EE9BF389EBA4}.Debug|Any CPU.ActiveCfg = Debug|Any CPU
		{D5FFEC38-D809-4161-8E5A-EE9BF389EBA4}.Debug|Any CPU.Build.0 = Debug|Any CPU
		{D5FFEC38-D809-4161-8E5A-EE9BF389EBA4}.Release|Any CPU.ActiveCfg = Release|Any CPU
		{D5FFEC38-D809-4161-8E5A-EE9BF389EBA4}.Release|Any CPU.Build.0 = Release|Any CPU
		{8B599486-621D-4927-8742-65DCAAA192AB}.Debug|Any CPU.ActiveCfg = Debug|Any CPU
		{8B599486-621D-4927-8742-65DCAAA192AB}.Debug|Any CPU.Build.0 = Debug|Any CPU
		{8B599486-621D-4927-8742-65DCAAA192AB}.Release|Any CPU.ActiveCfg = Release|Any CPU
		{8B599486-621D-4927-8742-65DCAAA192AB}.Release|Any CPU.Build.0 = Release|Any CPU
		{8AE6F27F-0830-470E-9D08-58825CA0EB6F}.Debug|Any CPU.ActiveCfg = Debug|Any CPU
		{8AE6F27F-0830-470E-9D08-58825CA0EB6F}.Debug|Any CPU.Build.0 = Debug|Any CPU
		{8AE6F27F-0830-470E-9D08-58825CA0EB6F}.Release|Any CPU.ActiveCfg = Release|Any CPU
		{8AE6F27F-0830-470E-9D08-58825CA0EB6F}.Release|Any CPU.Build.0 = Release|Any CPU
		{3F9F99FB-FAA9-4733-8A2A-569944C5C358}.Debug|Any CPU.ActiveCfg = Debug|Any CPU
		{3F9F99FB-FAA9-4733-8A2A-569944C5C358}.Debug|Any CPU.Build.0 = Debug|Any CPU
		{3F9F99FB-FAA9-4733-8A2A-569944C5C358}.Release|Any CPU.ActiveCfg = Release|Any CPU
		{3F9F99FB-FAA9-4733-8A2A-569944C5C358}.Release|Any CPU.Build.0 = Release|Any CPU
		{6D935A76-B7C6-4D35-B21B-ABC2E08243D3}.Debug|Any CPU.ActiveCfg = Debug|Any CPU
		{6D935A76-B7C6-4D35-B21B-ABC2E08243D3}.Debug|Any CPU.Build.0 = Debug|Any CPU
		{6D935A76-B7C6-4D35-B21B-ABC2E08243D3}.Release|Any CPU.ActiveCfg = Release|Any CPU
		{6D935A76-B7C6-4D35-B21B-ABC2E08243D3}.Release|Any CPU.Build.0 = Release|Any CPU
		{8571D672-B024-4F62-8386-17C9AA0A1CE7}.Debug|Any CPU.ActiveCfg = Debug|Any CPU
		{8571D672-B024-4F62-8386-17C9AA0A1CE7}.Debug|Any CPU.Build.0 = Debug|Any CPU
		{8571D672-B024-4F62-8386-17C9AA0A1CE7}.Release|Any CPU.ActiveCfg = Release|Any CPU
		{8571D672-B024-4F62-8386-17C9AA0A1CE7}.Release|Any CPU.Build.0 = Release|Any CPU
		{D6148128-896C-48CD-B278-3D12EC6E3C48}.Debug|Any CPU.ActiveCfg = Debug|Any CPU
		{D6148128-896C-48CD-B278-3D12EC6E3C48}.Debug|Any CPU.Build.0 = Debug|Any CPU
		{D6148128-896C-48CD-B278-3D12EC6E3C48}.Release|Any CPU.ActiveCfg = Release|Any CPU
		{D6148128-896C-48CD-B278-3D12EC6E3C48}.Release|Any CPU.Build.0 = Release|Any CPU
		{628B5F41-71ED-4673-B9C2-2776FB9FA4DB}.Debug|Any CPU.ActiveCfg = Debug|Any CPU
		{628B5F41-71ED-4673-B9C2-2776FB9FA4DB}.Debug|Any CPU.Build.0 = Debug|Any CPU
		{628B5F41-71ED-4673-B9C2-2776FB9FA4DB}.Release|Any CPU.ActiveCfg = Release|Any CPU
		{628B5F41-71ED-4673-B9C2-2776FB9FA4DB}.Release|Any CPU.Build.0 = Release|Any CPU
		{C06E064D-41D1-4880-9915-5993BCA476ED}.Debug|Any CPU.ActiveCfg = Debug|Any CPU
		{C06E064D-41D1-4880-9915-5993BCA476ED}.Debug|Any CPU.Build.0 = Debug|Any CPU
		{C06E064D-41D1-4880-9915-5993BCA476ED}.Release|Any CPU.ActiveCfg = Release|Any CPU
		{C06E064D-41D1-4880-9915-5993BCA476ED}.Release|Any CPU.Build.0 = Release|Any CPU
		{73A1C0BA-BE29-4C4E-BBDD-1610CF2F4D4D}.Debug|Any CPU.ActiveCfg = Debug|Any CPU
		{73A1C0BA-BE29-4C4E-BBDD-1610CF2F4D4D}.Debug|Any CPU.Build.0 = Debug|Any CPU
		{73A1C0BA-BE29-4C4E-BBDD-1610CF2F4D4D}.Release|Any CPU.ActiveCfg = Release|Any CPU
		{73A1C0BA-BE29-4C4E-BBDD-1610CF2F4D4D}.Release|Any CPU.Build.0 = Release|Any CPU
		{89FB7586-9334-48D6-8C1C-FE18ED37170C}.Debug|Any CPU.ActiveCfg = Debug|Any CPU
		{89FB7586-9334-48D6-8C1C-FE18ED37170C}.Debug|Any CPU.Build.0 = Debug|Any CPU
		{89FB7586-9334-48D6-8C1C-FE18ED37170C}.Release|Any CPU.ActiveCfg = Release|Any CPU
		{89FB7586-9334-48D6-8C1C-FE18ED37170C}.Release|Any CPU.Build.0 = Release|Any CPU
		{A290D6B8-679E-45D6-B4A8-67C6853BDF0E}.Debug|Any CPU.ActiveCfg = Debug|Any CPU
		{A290D6B8-679E-45D6-B4A8-67C6853BDF0E}.Debug|Any CPU.Build.0 = Debug|Any CPU
		{A290D6B8-679E-45D6-B4A8-67C6853BDF0E}.Release|Any CPU.ActiveCfg = Release|Any CPU
		{A290D6B8-679E-45D6-B4A8-67C6853BDF0E}.Release|Any CPU.Build.0 = Release|Any CPU
		{A837BA45-000F-422E-8E87-8F70A9730A62}.Debug|Any CPU.ActiveCfg = Debug|Any CPU
		{A837BA45-000F-422E-8E87-8F70A9730A62}.Debug|Any CPU.Build.0 = Debug|Any CPU
		{A837BA45-000F-422E-8E87-8F70A9730A62}.Release|Any CPU.ActiveCfg = Release|Any CPU
		{A837BA45-000F-422E-8E87-8F70A9730A62}.Release|Any CPU.Build.0 = Release|Any CPU
		{CEDE66BD-DEC6-4700-BF09-EE67984E62D9}.Debug|Any CPU.ActiveCfg = Debug|Any CPU
		{CEDE66BD-DEC6-4700-BF09-EE67984E62D9}.Debug|Any CPU.Build.0 = Debug|Any CPU
		{CEDE66BD-DEC6-4700-BF09-EE67984E62D9}.Release|Any CPU.ActiveCfg = Release|Any CPU
		{CEDE66BD-DEC6-4700-BF09-EE67984E62D9}.Release|Any CPU.Build.0 = Release|Any CPU
		{C41FF2E2-8737-404C-B395-0A5BF47C7BD5}.Debug|Any CPU.ActiveCfg = Debug|Any CPU
		{C41FF2E2-8737-404C-B395-0A5BF47C7BD5}.Debug|Any CPU.Build.0 = Debug|Any CPU
		{C41FF2E2-8737-404C-B395-0A5BF47C7BD5}.Release|Any CPU.ActiveCfg = Release|Any CPU
		{C41FF2E2-8737-404C-B395-0A5BF47C7BD5}.Release|Any CPU.Build.0 = Release|Any CPU
		{71C99DB8-AF50-4179-9951-014312D4CEAB}.Debug|Any CPU.ActiveCfg = Debug|Any CPU
		{71C99DB8-AF50-4179-9951-014312D4CEAB}.Debug|Any CPU.Build.0 = Debug|Any CPU
		{71C99DB8-AF50-4179-9951-014312D4CEAB}.Release|Any CPU.ActiveCfg = Release|Any CPU
		{71C99DB8-AF50-4179-9951-014312D4CEAB}.Release|Any CPU.Build.0 = Release|Any CPU
		{D51A4355-FF49-48FA-AFC7-0109A3C41A3E}.Debug|Any CPU.ActiveCfg = Debug|Any CPU
		{D51A4355-FF49-48FA-AFC7-0109A3C41A3E}.Debug|Any CPU.Build.0 = Debug|Any CPU
		{D51A4355-FF49-48FA-AFC7-0109A3C41A3E}.Release|Any CPU.ActiveCfg = Release|Any CPU
		{D51A4355-FF49-48FA-AFC7-0109A3C41A3E}.Release|Any CPU.Build.0 = Release|Any CPU
		{7C1EE615-9751-43D3-A1A9-72472A53A91C}.Debug|Any CPU.ActiveCfg = Debug|Any CPU
		{7C1EE615-9751-43D3-A1A9-72472A53A91C}.Debug|Any CPU.Build.0 = Debug|Any CPU
		{7C1EE615-9751-43D3-A1A9-72472A53A91C}.Release|Any CPU.ActiveCfg = Release|Any CPU
		{7C1EE615-9751-43D3-A1A9-72472A53A91C}.Release|Any CPU.Build.0 = Release|Any CPU
		{50BEB63D-0CFF-4728-B2CE-743C7B13D1D2}.Debug|Any CPU.ActiveCfg = Debug|Any CPU
		{50BEB63D-0CFF-4728-B2CE-743C7B13D1D2}.Debug|Any CPU.Build.0 = Debug|Any CPU
		{50BEB63D-0CFF-4728-B2CE-743C7B13D1D2}.Release|Any CPU.ActiveCfg = Release|Any CPU
		{50BEB63D-0CFF-4728-B2CE-743C7B13D1D2}.Release|Any CPU.Build.0 = Release|Any CPU
		{6141BF87-B320-4522-93A4-5B79CADD9C92}.Debug|Any CPU.ActiveCfg = Debug|Any CPU
		{6141BF87-B320-4522-93A4-5B79CADD9C92}.Debug|Any CPU.Build.0 = Debug|Any CPU
		{6141BF87-B320-4522-93A4-5B79CADD9C92}.Release|Any CPU.ActiveCfg = Release|Any CPU
		{6141BF87-B320-4522-93A4-5B79CADD9C92}.Release|Any CPU.Build.0 = Release|Any CPU
		{FE15E7DD-1EC4-408F-82F5-3E379320DFE4}.Debug|Any CPU.ActiveCfg = Debug|Any CPU
		{FE15E7DD-1EC4-408F-82F5-3E379320DFE4}.Debug|Any CPU.Build.0 = Debug|Any CPU
		{FE15E7DD-1EC4-408F-82F5-3E379320DFE4}.Release|Any CPU.ActiveCfg = Release|Any CPU
		{FE15E7DD-1EC4-408F-82F5-3E379320DFE4}.Release|Any CPU.Build.0 = Release|Any CPU
		{51E1A636-0B9C-44B1-AAD9-418E376A3661}.Debug|Any CPU.ActiveCfg = Debug|Any CPU
		{51E1A636-0B9C-44B1-AAD9-418E376A3661}.Debug|Any CPU.Build.0 = Debug|Any CPU
		{51E1A636-0B9C-44B1-AAD9-418E376A3661}.Release|Any CPU.ActiveCfg = Release|Any CPU
		{51E1A636-0B9C-44B1-AAD9-418E376A3661}.Release|Any CPU.Build.0 = Release|Any CPU
		{3E325128-ECFB-466A-97C6-C7D05BC134FE}.Debug|Any CPU.ActiveCfg = Debug|Any CPU
		{3E325128-ECFB-466A-97C6-C7D05BC134FE}.Debug|Any CPU.Build.0 = Debug|Any CPU
		{3E325128-ECFB-466A-97C6-C7D05BC134FE}.Release|Any CPU.ActiveCfg = Release|Any CPU
		{3E325128-ECFB-466A-97C6-C7D05BC134FE}.Release|Any CPU.Build.0 = Release|Any CPU
		{14B6F50B-4D2F-4A9C-B886-A92CB75ABD7F}.Debug|Any CPU.ActiveCfg = Debug|Any CPU
		{14B6F50B-4D2F-4A9C-B886-A92CB75ABD7F}.Debug|Any CPU.Build.0 = Debug|Any CPU
		{14B6F50B-4D2F-4A9C-B886-A92CB75ABD7F}.Release|Any CPU.ActiveCfg = Release|Any CPU
		{14B6F50B-4D2F-4A9C-B886-A92CB75ABD7F}.Release|Any CPU.Build.0 = Release|Any CPU
		{8326C984-0155-4048-8880-C1D7C12DDF68}.Debug|Any CPU.ActiveCfg = Debug|Any CPU
		{8326C984-0155-4048-8880-C1D7C12DDF68}.Debug|Any CPU.Build.0 = Debug|Any CPU
		{8326C984-0155-4048-8880-C1D7C12DDF68}.Release|Any CPU.ActiveCfg = Release|Any CPU
		{8326C984-0155-4048-8880-C1D7C12DDF68}.Release|Any CPU.Build.0 = Release|Any CPU
		{3364007C-38C3-464F-857F-5F7114264064}.Debug|Any CPU.ActiveCfg = Debug|Any CPU
		{3364007C-38C3-464F-857F-5F7114264064}.Debug|Any CPU.Build.0 = Debug|Any CPU
		{3364007C-38C3-464F-857F-5F7114264064}.Release|Any CPU.ActiveCfg = Release|Any CPU
		{3364007C-38C3-464F-857F-5F7114264064}.Release|Any CPU.Build.0 = Release|Any CPU
		{E3C6C897-3D5C-4647-8624-003227356CF8}.Debug|Any CPU.ActiveCfg = Debug|Any CPU
		{E3C6C897-3D5C-4647-8624-003227356CF8}.Debug|Any CPU.Build.0 = Debug|Any CPU
		{E3C6C897-3D5C-4647-8624-003227356CF8}.Release|Any CPU.ActiveCfg = Release|Any CPU
		{E3C6C897-3D5C-4647-8624-003227356CF8}.Release|Any CPU.Build.0 = Release|Any CPU
		{EB4210AE-82DD-43E8-B925-DEBA23E29F7F}.Debug|Any CPU.ActiveCfg = Debug|Any CPU
		{EB4210AE-82DD-43E8-B925-DEBA23E29F7F}.Debug|Any CPU.Build.0 = Debug|Any CPU
		{EB4210AE-82DD-43E8-B925-DEBA23E29F7F}.Release|Any CPU.ActiveCfg = Release|Any CPU
		{EB4210AE-82DD-43E8-B925-DEBA23E29F7F}.Release|Any CPU.Build.0 = Release|Any CPU
		{9E296847-E1CD-4C76-BF16-72DE6E617572}.Debug|Any CPU.ActiveCfg = Debug|Any CPU
		{9E296847-E1CD-4C76-BF16-72DE6E617572}.Debug|Any CPU.Build.0 = Debug|Any CPU
		{9E296847-E1CD-4C76-BF16-72DE6E617572}.Release|Any CPU.ActiveCfg = Release|Any CPU
		{9E296847-E1CD-4C76-BF16-72DE6E617572}.Release|Any CPU.Build.0 = Release|Any CPU
		{5AAF4658-192C-423E-B61E-FBDB4F12CD5B}.Debug|Any CPU.ActiveCfg = Debug|Any CPU
		{5AAF4658-192C-423E-B61E-FBDB4F12CD5B}.Debug|Any CPU.Build.0 = Debug|Any CPU
		{5AAF4658-192C-423E-B61E-FBDB4F12CD5B}.Release|Any CPU.ActiveCfg = Release|Any CPU
		{5AAF4658-192C-423E-B61E-FBDB4F12CD5B}.Release|Any CPU.Build.0 = Release|Any CPU
		{70491187-D908-4A70-A353-6865A9CE1E68}.Debug|Any CPU.ActiveCfg = Debug|Any CPU
		{70491187-D908-4A70-A353-6865A9CE1E68}.Debug|Any CPU.Build.0 = Debug|Any CPU
		{70491187-D908-4A70-A353-6865A9CE1E68}.Release|Any CPU.ActiveCfg = Release|Any CPU
		{70491187-D908-4A70-A353-6865A9CE1E68}.Release|Any CPU.Build.0 = Release|Any CPU
		{0999A28D-014C-4E3E-972A-BE10A99F10B9}.Debug|Any CPU.ActiveCfg = Debug|Any CPU
		{0999A28D-014C-4E3E-972A-BE10A99F10B9}.Debug|Any CPU.Build.0 = Debug|Any CPU
		{0999A28D-014C-4E3E-972A-BE10A99F10B9}.Release|Any CPU.ActiveCfg = Release|Any CPU
		{0999A28D-014C-4E3E-972A-BE10A99F10B9}.Release|Any CPU.Build.0 = Release|Any CPU
		{DD077F26-4B2C-486C-9ECE-60EBF47AAAD0}.Debug|Any CPU.ActiveCfg = Debug|Any CPU
		{DD077F26-4B2C-486C-9ECE-60EBF47AAAD0}.Debug|Any CPU.Build.0 = Debug|Any CPU
		{DD077F26-4B2C-486C-9ECE-60EBF47AAAD0}.Release|Any CPU.ActiveCfg = Release|Any CPU
		{DD077F26-4B2C-486C-9ECE-60EBF47AAAD0}.Release|Any CPU.Build.0 = Release|Any CPU
		{164B75B7-C6FE-41CE-BF23-A3AB1E525B2F}.Debug|Any CPU.ActiveCfg = Debug|Any CPU
		{164B75B7-C6FE-41CE-BF23-A3AB1E525B2F}.Debug|Any CPU.Build.0 = Debug|Any CPU
		{164B75B7-C6FE-41CE-BF23-A3AB1E525B2F}.Release|Any CPU.ActiveCfg = Release|Any CPU
		{164B75B7-C6FE-41CE-BF23-A3AB1E525B2F}.Release|Any CPU.Build.0 = Release|Any CPU
	EndGlobalSection
	GlobalSection(SolutionProperties) = preSolution
		HideSolutionNode = FALSE
	EndGlobalSection
	GlobalSection(ExtensibilityGlobals) = postSolution
		SolutionGuid = {9267E4D6-CCED-4D77-ADC2-3DB39371594F}
	EndGlobalSection
EndGlobal
